
Microsoft Visual Studio Solution File, Format Version 12.00
# Visual Studio 15
VisualStudioVersion = 15.0.27004.2006
MinimumVisualStudioVersion = 10.0.40219.1
Project("{9A19103F-16F7-4668-BE54-9A1E7A4F7556}") = "MangoPay.SDK", "MangoPay.SDK\MangoPay.SDK.csproj", "{C007AC28-BC4A-461C-BEE6-D8A64F30AA0C}"
EndProject
Project("{9A19103F-16F7-4668-BE54-9A1E7A4F7556}") = "MangoPay.SDK.Tests", "MangoPay.SDK.Tests\MangoPay.SDK.Tests.csproj", "{CF7C554E-E571-4B67-A306-776A5BDD1AB8}"
EndProject
Global
	GlobalSection(SolutionConfigurationPlatforms) = preSolution
		Debug|Any CPU = Debug|Any CPU
		Release|Any CPU = Release|Any CPU
	EndGlobalSection
	GlobalSection(ProjectConfigurationPlatforms) = postSolution
		{C007AC28-BC4A-461C-BEE6-D8A64F30AA0C}.Debug|Any CPU.ActiveCfg = Debug|Any CPU
		{C007AC28-BC4A-461C-BEE6-D8A64F30AA0C}.Debug|Any CPU.Build.0 = Debug|Any CPU
		{C007AC28-BC4A-461C-BEE6-D8A64F30AA0C}.Release|Any CPU.ActiveCfg = Release|Any CPU
		{C007AC28-BC4A-461C-BEE6-D8A64F30AA0C}.Release|Any CPU.Build.0 = Release|Any CPU
		{CF7C554E-E571-4B67-A306-776A5BDD1AB8}.Debug|Any CPU.ActiveCfg = Debug|Any CPU
		{CF7C554E-E571-4B67-A306-776A5BDD1AB8}.Debug|Any CPU.Build.0 = Debug|Any CPU
		{CF7C554E-E571-4B67-A306-776A5BDD1AB8}.Release|Any CPU.ActiveCfg = Release|Any CPU
		{CF7C554E-E571-4B67-A306-776A5BDD1AB8}.Release|Any CPU.Build.0 = Release|Any CPU
	EndGlobalSection
	GlobalSection(SolutionProperties) = preSolution
		HideSolutionNode = FALSE
	EndGlobalSection
	GlobalSection(ExtensibilityGlobals) = postSolution
		SolutionGuid = {62827ECA-8D23-444F-BA78-4281D6A825C3}
	EndGlobalSection
EndGlobal
